
Microsoft Visual Studio Solution File, Format Version 12.00
# Visual Studio Version 17
VisualStudioVersion = 17.7.34031.279
MinimumVisualStudioVersion = 10.0.40219.1
Project("{9A19103F-16F7-4668-BE54-9A1E7A4F7556}") = "Blogger.UI", "Blog\Blogger.UI.csproj", "{FFDC0675-B49F-47B7-B110-F9A6931FB290}"
EndProject
Project("{9A19103F-16F7-4668-BE54-9A1E7A4F7556}") = "Blog.Entity", "Blog.Entity\Blog.Entity.csproj", "{B140840C-B90A-4ADD-82A5-57EFB79E683E}"
EndProject
Project("{FAE04EC0-301F-11D3-BF4B-00C04F79EFBC}") = "Blogger.Data", "Blogger.Data\Blogger.Data.csproj", "{C8DCF2CD-D97E-4473-884E-CCF5AA98585F}"
EndProject
Project("{FAE04EC0-301F-11D3-BF4B-00C04F79EFBC}") = "Blogger.Service", "Blogger.Service\Blogger.Service.csproj", "{C90F50B1-4F11-495A-8FAD-7DE06E999499}"
EndProject
Project("{FAE04EC0-301F-11D3-BF4B-00C04F79EFBC}") = "Blogger.Core", "Blogger.Core\Blogger.Core.csproj", "{DDAE63D1-B509-4986-9CB5-7F35764C0B87}"
EndProject
Global
	GlobalSection(SolutionConfigurationPlatforms) = preSolution
		Debug|Any CPU = Debug|Any CPU
		Release|Any CPU = Release|Any CPU
	EndGlobalSection
	GlobalSection(ProjectConfigurationPlatforms) = postSolution
		{FFDC0675-B49F-47B7-B110-F9A6931FB290}.Debug|Any CPU.ActiveCfg = Debug|Any CPU
		{FFDC0675-B49F-47B7-B110-F9A6931FB290}.Debug|Any CPU.Build.0 = Debug|Any CPU
		{FFDC0675-B49F-47B7-B110-F9A6931FB290}.Release|Any CPU.ActiveCfg = Release|Any CPU
		{FFDC0675-B49F-47B7-B110-F9A6931FB290}.Release|Any CPU.Build.0 = Release|Any CPU
		{B140840C-B90A-4ADD-82A5-57EFB79E683E}.Debug|Any CPU.ActiveCfg = Debug|Any CPU
		{B140840C-B90A-4ADD-82A5-57EFB79E683E}.Debug|Any CPU.Build.0 = Debug|Any CPU
		{B140840C-B90A-4ADD-82A5-57EFB79E683E}.Release|Any CPU.ActiveCfg = Release|Any CPU
		{B140840C-B90A-4ADD-82A5-57EFB79E683E}.Release|Any CPU.Build.0 = Release|Any CPU
		{C8DCF2CD-D97E-4473-884E-CCF5AA98585F}.Debug|Any CPU.ActiveCfg = Debug|Any CPU
		{C8DCF2CD-D97E-4473-884E-CCF5AA98585F}.Debug|Any CPU.Build.0 = Debug|Any CPU
		{C8DCF2CD-D97E-4473-884E-CCF5AA98585F}.Release|Any CPU.ActiveCfg = Release|Any CPU
		{C8DCF2CD-D97E-4473-884E-CCF5AA98585F}.Release|Any CPU.Build.0 = Release|Any CPU
		{C90F50B1-4F11-495A-8FAD-7DE06E999499}.Debug|Any CPU.ActiveCfg = Debug|Any CPU
		{C90F50B1-4F11-495A-8FAD-7DE06E999499}.Debug|Any CPU.Build.0 = Debug|Any CPU
		{C90F50B1-4F11-495A-8FAD-7DE06E999499}.Release|Any CPU.ActiveCfg = Release|Any CPU
		{C90F50B1-4F11-495A-8FAD-7DE06E999499}.Release|Any CPU.Build.0 = Release|Any CPU
		{DDAE63D1-B509-4986-9CB5-7F35764C0B87}.Debug|Any CPU.ActiveCfg = Debug|Any CPU
		{DDAE63D1-B509-4986-9CB5-7F35764C0B87}.Debug|Any CPU.Build.0 = Debug|Any CPU
		{DDAE63D1-B509-4986-9CB5-7F35764C0B87}.Release|Any CPU.ActiveCfg = Release|Any CPU
		{DDAE63D1-B509-4986-9CB5-7F35764C0B87}.Release|Any CPU.Build.0 = Release|Any CPU
	EndGlobalSection
	GlobalSection(SolutionProperties) = preSolution
		HideSolutionNode = FALSE
	EndGlobalSection
	GlobalSection(ExtensibilityGlobals) = postSolution
		SolutionGuid = {B86241E6-68ED-4BE3-9071-0BAE611A854A}
	EndGlobalSection
EndGlobal
